
Microsoft Visual Studio Solution File, Format Version 12.00
# Visual Studio Version 17
VisualStudioVersion = 17.14.36310.24 d17.14
MinimumVisualStudioVersion = 10.0.40219.1
Project("{FAE04EC0-301F-11D3-BF4B-00C04F79EFBC}") = "Activity24", "Activity24.csproj", "{C622B422-F2E3-441B-A3DE-3E64DEE71934}"
EndProject
Global
	GlobalSection(SolutionConfigurationPlatforms) = preSolution
		Debug|Any CPU = Debug|Any CPU
		Release|Any CPU = Release|Any CPU
	EndGlobalSection
	GlobalSection(ProjectConfigurationPlatforms) = postSolution
		{C622B422-F2E3-441B-A3DE-3E64DEE71934}.Debug|Any CPU.ActiveCfg = Debug|Any CPU
		{C622B422-F2E3-441B-A3DE-3E64DEE71934}.Debug|Any CPU.Build.0 = Debug|Any CPU
		{C622B422-F2E3-441B-A3DE-3E64DEE71934}.Release|Any CPU.ActiveCfg = Release|Any CPU
		{C622B422-F2E3-441B-A3DE-3E64DEE71934}.Release|Any CPU.Build.0 = Release|Any CPU
	EndGlobalSection
	GlobalSection(SolutionProperties) = preSolution
		HideSolutionNode = FALSE
	EndGlobalSection
	GlobalSection(ExtensibilityGlobals) = postSolution
		SolutionGuid = {43F5617F-918A-4BC5-B025-708E307EFE31}
	EndGlobalSection
EndGlobal
